
Microsoft Visual Studio Solution File, Format Version 12.00
# Visual Studio 15
VisualStudioVersion = 15.0.28307.645
MinimumVisualStudioVersion = 10.0.40219.1
Project("{9A19103F-16F7-4668-BE54-9A1E7A4F7556}") = "HardwareListAPI", "HardwareListAPI\HardwareListAPI.csproj", "{1F8A7CC3-CCC4-48A2-B79F-05F0B087D646}"
EndProject
Project("{9A19103F-16F7-4668-BE54-9A1E7A4F7556}") = "HardwareListWebClient", "HardwareListWebClient\HardwareListWebClient.csproj", "{FF9393CA-D267-4A51-BAB9-6FCD48973543}"
EndProject
Global
	GlobalSection(SolutionConfigurationPlatforms) = preSolution
		Debug|Any CPU = Debug|Any CPU
		Release|Any CPU = Release|Any CPU
	EndGlobalSection
	GlobalSection(ProjectConfigurationPlatforms) = postSolution
		{1F8A7CC3-CCC4-48A2-B79F-05F0B087D646}.Debug|Any CPU.ActiveCfg = Debug|Any CPU
		{1F8A7CC3-CCC4-48A2-B79F-05F0B087D646}.Debug|Any CPU.Build.0 = Debug|Any CPU
		{1F8A7CC3-CCC4-48A2-B79F-05F0B087D646}.Release|Any CPU.ActiveCfg = Release|Any CPU
		{1F8A7CC3-CCC4-48A2-B79F-05F0B087D646}.Release|Any CPU.Build.0 = Release|Any CPU
		{FF9393CA-D267-4A51-BAB9-6FCD48973543}.Debug|Any CPU.ActiveCfg = Debug|Any CPU
		{FF9393CA-D267-4A51-BAB9-6FCD48973543}.Debug|Any CPU.Build.0 = Debug|Any CPU
		{FF9393CA-D267-4A51-BAB9-6FCD48973543}.Release|Any CPU.ActiveCfg = Release|Any CPU
		{FF9393CA-D267-4A51-BAB9-6FCD48973543}.Release|Any CPU.Build.0 = Release|Any CPU
	EndGlobalSection
	GlobalSection(SolutionProperties) = preSolution
		HideSolutionNode = FALSE
	EndGlobalSection
	GlobalSection(ExtensibilityGlobals) = postSolution
		SolutionGuid = {5BD89F64-5F9F-41A8-9B29-F12E1516E4CA}
	EndGlobalSection
EndGlobal
